
Microsoft Visual Studio Solution File, Format Version 11.00
# Visual Studio 2010
Project("{FAE04EC0-301F-11D3-BF4B-00C04F79EFBC}") = "DXAnalytics", "DXAnalytics.csproj", "{3DB4EE4A-532A-4740-B3CB-68260913F853}"
EndProject
Global
	GlobalSection(SolutionConfigurationPlatforms) = preSolution
		Debug|Any CPU = Debug|Any CPU
		Release|Any CPU = Release|Any CPU
	EndGlobalSection
	GlobalSection(ProjectConfigurationPlatforms) = postSolution
		{3DB4EE4A-532A-4740-B3CB-68260913F853}.Debug|Any CPU.ActiveCfg = Debug|Any CPU
		{3DB4EE4A-532A-4740-B3CB-68260913F853}.Debug|Any CPU.Build.0 = Debug|Any CPU
		{3DB4EE4A-532A-4740-B3CB-68260913F853}.Release|Any CPU.ActiveCfg = Release|Any CPU
		{3DB4EE4A-532A-4740-B3CB-68260913F853}.Release|Any CPU.Build.0 = Release|Any CPU
	EndGlobalSection
	GlobalSection(SolutionProperties) = preSolution
		HideSolutionNode = FALSE
	EndGlobalSection
EndGlobal
